
Microsoft Visual Studio Solution File, Format Version 12.00
# Visual Studio Version 17
VisualStudioVersion = 17.2.32519.379
MinimumVisualStudioVersion = 10.0.40219.1
Project("{9A19103F-16F7-4668-BE54-9A1E7A4F7556}") = "Azure.Account.File.Storage", "Azure.Account.File.Storage.csproj", "{D4125C4C-904E-4F52-A90A-EAD6B9E91BF0}"
EndProject
Global
	GlobalSection(SolutionConfigurationPlatforms) = preSolution
		Debug|Any CPU = Debug|Any CPU
		Release|Any CPU = Release|Any CPU
	EndGlobalSection
	GlobalSection(ProjectConfigurationPlatforms) = postSolution
		{D4125C4C-904E-4F52-A90A-EAD6B9E91BF0}.Debug|Any CPU.ActiveCfg = Debug|Any CPU
		{D4125C4C-904E-4F52-A90A-EAD6B9E91BF0}.Debug|Any CPU.Build.0 = Debug|Any CPU
		{D4125C4C-904E-4F52-A90A-EAD6B9E91BF0}.Release|Any CPU.ActiveCfg = Release|Any CPU
		{D4125C4C-904E-4F52-A90A-EAD6B9E91BF0}.Release|Any CPU.Build.0 = Release|Any CPU
	EndGlobalSection
	GlobalSection(SolutionProperties) = preSolution
		HideSolutionNode = FALSE
	EndGlobalSection
	GlobalSection(ExtensibilityGlobals) = postSolution
		SolutionGuid = {E647EF8F-CF51-4E8B-824F-2B0D84DD07BF}
	EndGlobalSection
EndGlobal
